
Microsoft Visual Studio Solution File, Format Version 12.00
# Visual Studio Version 16
VisualStudioVersion = 16.0.29403.142
MinimumVisualStudioVersion = 10.0.40219.1
Project("{FAE04EC0-301F-11D3-BF4B-00C04F79EFBC}") = "Escuela", "Escuela.csproj", "{552098CD-A8DD-4AA3-B5A4-AEB3EAEBB772}"
EndProject
Global
	GlobalSection(SolutionConfigurationPlatforms) = preSolution
		Debug|Any CPU = Debug|Any CPU
		Release|Any CPU = Release|Any CPU
	EndGlobalSection
	GlobalSection(ProjectConfigurationPlatforms) = postSolution
		{552098CD-A8DD-4AA3-B5A4-AEB3EAEBB772}.Debug|Any CPU.ActiveCfg = Debug|Any CPU
		{552098CD-A8DD-4AA3-B5A4-AEB3EAEBB772}.Debug|Any CPU.Build.0 = Debug|Any CPU
		{552098CD-A8DD-4AA3-B5A4-AEB3EAEBB772}.Release|Any CPU.ActiveCfg = Release|Any CPU
		{552098CD-A8DD-4AA3-B5A4-AEB3EAEBB772}.Release|Any CPU.Build.0 = Release|Any CPU
	EndGlobalSection
	GlobalSection(SolutionProperties) = preSolution
		HideSolutionNode = FALSE
	EndGlobalSection
	GlobalSection(ExtensibilityGlobals) = postSolution
		SolutionGuid = {5AAB1E25-79FC-4E00-8862-A13D83E654DC}
	EndGlobalSection
EndGlobal
